
Microsoft Visual Studio Solution File, Format Version 12.00
# Visual Studio Version 16
VisualStudioVersion = 16.0.31402.337
MinimumVisualStudioVersion = 10.0.40219.1
Project("{FAE04EC0-301F-11D3-BF4B-00C04F79EFBC}") = "temperature.asmx", "temperature.asmx.csproj", "{9E3203AE-A11C-46BF-9388-BDCDF8E23156}"
EndProject
Global
	GlobalSection(SolutionConfigurationPlatforms) = preSolution
		Debug|Any CPU = Debug|Any CPU
		Release|Any CPU = Release|Any CPU
	EndGlobalSection
	GlobalSection(ProjectConfigurationPlatforms) = postSolution
		{9E3203AE-A11C-46BF-9388-BDCDF8E23156}.Debug|Any CPU.ActiveCfg = Debug|Any CPU
		{9E3203AE-A11C-46BF-9388-BDCDF8E23156}.Debug|Any CPU.Build.0 = Debug|Any CPU
		{9E3203AE-A11C-46BF-9388-BDCDF8E23156}.Release|Any CPU.ActiveCfg = Release|Any CPU
		{9E3203AE-A11C-46BF-9388-BDCDF8E23156}.Release|Any CPU.Build.0 = Release|Any CPU
	EndGlobalSection
	GlobalSection(SolutionProperties) = preSolution
		HideSolutionNode = FALSE
	EndGlobalSection
	GlobalSection(ExtensibilityGlobals) = postSolution
		SolutionGuid = {C9E57B0C-CD3D-444C-9F8B-A2B14CB58E3E}
	EndGlobalSection
EndGlobal
